
Microsoft Visual Studio Solution File, Format Version 12.00
# Visual Studio Version 17
VisualStudioVersion = 17.6.33829.357
MinimumVisualStudioVersion = 10.0.40219.1
Project("{9A19103F-16F7-4668-BE54-9A1E7A4F7556}") = "S@PS Stream Helper", "S@PS Stream Helper\S@PS Stream Helper.csproj", "{3D306D7E-15D8-48A8-A3AD-23D7B9EDDA71}"
EndProject
Project("{FAE04EC0-301F-11D3-BF4B-00C04F79EFBC}") = "S@PS Stream App", "S@PS Stream App\S@PS Stream App.csproj", "{CA50A0FB-EC9A-489C-A1A3-CADECF3D016C}"
EndProject
Global
	GlobalSection(SolutionConfigurationPlatforms) = preSolution
		Debug|Any CPU = Debug|Any CPU
		Release|Any CPU = Release|Any CPU
	EndGlobalSection
	GlobalSection(ProjectConfigurationPlatforms) = postSolution
		{3D306D7E-15D8-48A8-A3AD-23D7B9EDDA71}.Debug|Any CPU.ActiveCfg = Debug|Any CPU
		{3D306D7E-15D8-48A8-A3AD-23D7B9EDDA71}.Debug|Any CPU.Build.0 = Debug|Any CPU
		{3D306D7E-15D8-48A8-A3AD-23D7B9EDDA71}.Release|Any CPU.ActiveCfg = Release|Any CPU
		{3D306D7E-15D8-48A8-A3AD-23D7B9EDDA71}.Release|Any CPU.Build.0 = Release|Any CPU
		{CA50A0FB-EC9A-489C-A1A3-CADECF3D016C}.Debug|Any CPU.ActiveCfg = Debug|Any CPU
		{CA50A0FB-EC9A-489C-A1A3-CADECF3D016C}.Debug|Any CPU.Build.0 = Debug|Any CPU
		{CA50A0FB-EC9A-489C-A1A3-CADECF3D016C}.Debug|Any CPU.Deploy.0 = Debug|Any CPU
		{CA50A0FB-EC9A-489C-A1A3-CADECF3D016C}.Release|Any CPU.ActiveCfg = Release|Any CPU
		{CA50A0FB-EC9A-489C-A1A3-CADECF3D016C}.Release|Any CPU.Build.0 = Release|Any CPU
		{CA50A0FB-EC9A-489C-A1A3-CADECF3D016C}.Release|Any CPU.Deploy.0 = Release|Any CPU
	EndGlobalSection
	GlobalSection(SolutionProperties) = preSolution
		HideSolutionNode = FALSE
	EndGlobalSection
	GlobalSection(ExtensibilityGlobals) = postSolution
		SolutionGuid = {45C2E948-6775-4EA1-B591-18A47307020E}
	EndGlobalSection
EndGlobal
